
Microsoft Visual Studio Solution File, Format Version 12.00
# Visual Studio Version 16
VisualStudioVersion = 16.0.31410.357
MinimumVisualStudioVersion = 10.0.40219.1
Project("{FAE04EC0-301F-11D3-BF4B-00C04F79EFBC}") = "FullFrameworkMVC", "FullFrameworkMVC\FullFrameworkMVC.csproj", "{471EECF0-6AB5-48C0-9D92-602363B1F9C0}"
EndProject
Project("{FAE04EC0-301F-11D3-BF4B-00C04F79EFBC}") = "CoreMVC", "CoreMVC\CoreMVC.csproj", "{6D1B7080-615B-4A49-971D-1F0AE499BFB2}"
EndProject
Global
	GlobalSection(SolutionConfigurationPlatforms) = preSolution
		Debug|Any CPU = Debug|Any CPU
		Release|Any CPU = Release|Any CPU
	EndGlobalSection
	GlobalSection(ProjectConfigurationPlatforms) = postSolution
		{471EECF0-6AB5-48C0-9D92-602363B1F9C0}.Debug|Any CPU.ActiveCfg = Debug|Any CPU
		{471EECF0-6AB5-48C0-9D92-602363B1F9C0}.Debug|Any CPU.Build.0 = Debug|Any CPU
		{471EECF0-6AB5-48C0-9D92-602363B1F9C0}.Release|Any CPU.ActiveCfg = Release|Any CPU
		{471EECF0-6AB5-48C0-9D92-602363B1F9C0}.Release|Any CPU.Build.0 = Release|Any CPU
		{6D1B7080-615B-4A49-971D-1F0AE499BFB2}.Debug|Any CPU.ActiveCfg = Debug|Any CPU
		{6D1B7080-615B-4A49-971D-1F0AE499BFB2}.Debug|Any CPU.Build.0 = Debug|Any CPU
		{6D1B7080-615B-4A49-971D-1F0AE499BFB2}.Release|Any CPU.ActiveCfg = Release|Any CPU
		{6D1B7080-615B-4A49-971D-1F0AE499BFB2}.Release|Any CPU.Build.0 = Release|Any CPU
	EndGlobalSection
	GlobalSection(SolutionProperties) = preSolution
		HideSolutionNode = FALSE
	EndGlobalSection
	GlobalSection(ExtensibilityGlobals) = postSolution
		SolutionGuid = {83251CCD-96BF-46D2-8358-63C5D95058B4}
	EndGlobalSection
EndGlobal
